# Hash-pinned lock: runtime and test dependencies of falls_ml ([project].dependencies + [project.optional-dependencies].test).
# Python: CPython 3.11 or 3.13, 64-bit (development and verification interpreter: 3.13.13).
# Target platforms: windows-amd64-cp313 and windows-amd64-cp311 (Windows 10/11 x64, win_amd64), macos-arm64-cp313 (macOS arm64, CPython 3.13).
# Markers: only '; sys_platform == "win32"' and '; sys_platform != "win32"' are used.
# Generated: 2026-09-28
# Generated by: python tools/lock/generate_lock.py
# Do not edit by hand; regeneration and hash verification are described in docs/DEPENDENCIES.md.

alembic==1.20.0 \
    --hash=sha256:77eb101048d95f982c0353e9233404889dcd7a6fc244c107836c0e2fc9cf7d9d
    # via optuna
cloudpickle==3.1.2 \
    --hash=sha256:9acb47f6afd73f60dc1df93bb801b472f05ff42fa6c84167d25cb206be1fbf4a
    # via joblib
colorama==0.4.6 ; sys_platform == "win32" \
    --hash=sha256:4f1d9991f5acc0ca119f9d443620b77f9d6b33703e51011c16baf57afb285fc6
    # via colorlog, pytest, tqdm
colorlog==6.12.0 \
    --hash=sha256:30d392604e9110045a2c2aeefc27d7a017abbab63f3a8aee594eac0801df784e
    # via optuna
contourpy==1.3.3 \
    --hash=sha256:1cadd8b8969f060ba45ed7c1b714fe69185812ab43bd6b86a9123fe8f99c3263 \
    --hash=sha256:3519428f6be58431c56581f1694ba8e50626f2dd550af225f82fb5f5814d2a42 \
    --hash=sha256:d002b6f00d73d69333dac9d0b8d5e84d9724ff9ef044fd63c5986e62b7c9e1b1
    # via matplotlib
cycler==0.12.1 \
    --hash=sha256:85cef7cff222d8644161529808465972e51340599459b8ac3ccbac5a854e0d30
    # via matplotlib
et-xmlfile==2.0.0 \
    --hash=sha256:7a91720bc756843502c3b7504c77b8fe44217c85c537d85037f0f536151b2caa
    # via openpyxl
fonttools==4.65.0 \
    --hash=sha256:8ae1846b0f192fd485d26a455af19b8f5cf05aff08f9836f533913d8fcea133c \
    --hash=sha256:8b7bb52817a24731d2e4f4df0e71fdde05e6c806c8f8f1517b015d142fdacfa5 \
    --hash=sha256:9f201796c8e24e657be77c16fa664e798a46122144217f90838982937a964f0a
    # via matplotlib
formulaic==1.2.2 \
    --hash=sha256:0f84ff49e3fc9dc0e68ab08a0a9427874021aa6c558e66b44dc634a35739b09b
    # via statsmodels
iniconfig==2.3.0 \
    --hash=sha256:f631c04d2c48c52b84d0d0549c99ff3859c98df65b3101406327ecc7d53fbf12
    # via pytest
interface-meta==2.0.1 \
    --hash=sha256:f38016bef9a4429b6d0792d809be7b65e9781820c674bf7f463999086b6e6323
    # via formulaic
joblib==1.6.0 \
    --hash=sha256:3dbbf9f6e4b592a2357b854608e980fe6390d131d7a82f011a377ef2ebef7aba
    # via scikit-learn
kiwisolver==1.5.1 \
    --hash=sha256:1a7587dc335f2c0f5bd577fd0540bd16c66006bdb60f759a1059f025e6c4f071 \
    --hash=sha256:77a4c8187a5948d7f8795adb765a3c7b553d07d86d88e43038fc32fc1fb9a3f3 \
    --hash=sha256:dc23390afe9f4ef9ac3bcc72a03a56eebbde03f4c571a32cb38f859cff9a6524
    # via matplotlib
mako==1.4.3 \
    --hash=sha256:723296007c870bfd6b3f0c3230dba7198096e5269297ebf5e4eff9e7ffa39d4f
    # via alembic
markupsafe==3.0.3 \
    --hash=sha256:116bb52f642a37c115f517494ea5feb03889e04df47eeff5b130b1808ce7c219 \
    --hash=sha256:9a1abfdc021a164803f4d485104931fb8f8c1efd55bc6b748d2f5774e78b62c5 \
    --hash=sha256:de8a88e63464af587c950061a5e6a67d3632e36df62b986892331d4620a35c01
    # via mako
matplotlib==3.11.2 \
    --hash=sha256:2a8285cea8ef4d92aa041d1c33788bcae82248503300f93f1ca2136b9049452f \
    --hash=sha256:a24d5fd36e4f0e742c3851dcd20810e56a95633a342e4bf6cb591c678e8fe61f \
    --hash=sha256:bc067c462a86f0e57bf52fc6e058d90171a5420007dac00c46e90153050c69a7
    # via pyproject.toml
narwhals==2.26.0 \
    --hash=sha256:29326d74f107c347fd1009bd58e38d9f7c7c5b51e6de97bc93dbc325d9038b54
    # via formulaic, scikit-learn
numpy==2.4.6 \
    --hash=sha256:043191bfa8eab18c776647b62723ac9dddece59743b13f49b2016094129c2b3f \
    --hash=sha256:1e254a00cdf42b1e4d5b3d68d33af63268d41340d8885df2ab6470f2e1500147 \
    --hash=sha256:c4fc99836233ea196540b17ab0983aff60ed07941751930f5f4d05bc3b3b7359
    # via pyproject.toml, contourpy, formulaic, matplotlib, optuna, pandas, patsy, scikit-learn, scipy, statsmodels, xgboost, xgboost-cpu
openpyxl==3.1.5 \
    --hash=sha256:5282c12b107bffeef825f4617dc029afaf41d0ea60823bbb665ef3079dc79de2
    # via pyproject.toml
optuna==5.0.0 \
    --hash=sha256:5fff892ae6baf4948c810c5b8635ec67e08efb0709b41cb73b14e30391d44720
    # via pyproject.toml
packaging==26.3 \
    --hash=sha256:d7193f7c8e4e93f444fde0262bf90af30e16fa0ad0ad44cb553c87339b23cd1c
    # via matplotlib, optuna, patsy, pytest, statsmodels
pandas==3.0.5 \
    --hash=sha256:0d298e951f23016ce4699951d044ae6418dbc91bf68cefca0f77666fcbb4e5c6 \
    --hash=sha256:b1261758dfb6cf12c3cff8300e21cefad30e7ec709abb4c24ac7318e6a52462a \
    --hash=sha256:b86765f268b56f7e665b93bce9d5df69dee7f99e595cf8fb839483ab315942a3
    # via pyproject.toml, formulaic, statsmodels
patsy==1.0.3 \
    --hash=sha256:d3dbebe8fd5f46e29912d030b63c6268647b59bf788a99e2af28a30234cf357c
    # via statsmodels
pillow==12.3.0 \
    --hash=sha256:1cca606cd25738df4ed873d5ad46bbdb3d83b5cbca291f6b4ff13a4df6b0bbe8 \
    --hash=sha256:8e95e1385e4998ae9694eeaa4730ba5457ff61185b3a55e2e7bea0880aef452a \
    --hash=sha256:d69141514cc30b774ceea5e3ed3a6635c8d8a96edf664689b890f4089111fb35
    # via matplotlib
pluggy==1.6.0 \
    --hash=sha256:e920276dd6813095e9377c0bc5566d94c932c33b27a3e3945d8389c374dd4746
    # via pytest
pyarrow==25.0.1 \
    --hash=sha256:31e49a7888fcdf3a835da33ae777f6bb9a866334e5a789282fc26dcf426f7f15 \
    --hash=sha256:62cd0d785b8aa6675ee355f9fc02252a340f4441257c42674937826fd7594325 \
    --hash=sha256:c7c534ec03c358a76ea3e505e74c1b6aef290af90c444dfd092dbfe23e755b85
    # via pyproject.toml
pygments==2.21.0 \
    --hash=sha256:2363c69b61c4a97c838da3b130dcd6468f4848992b21a82f2a63ec34377137d9
    # via pytest
pyparsing==3.3.2 \
    --hash=sha256:850ba148bd908d7e2411587e247a1e4f0327839c40e2e5e6d05a007ecc69911d
    # via matplotlib
pytest==9.1.1 \
    --hash=sha256:37a86b45efb9a47a61a36449063e8e18d0cab3161329fc099eb21783169c4f0c
    # via pyproject.toml
python-dateutil==2.9.0.post0 \
    --hash=sha256:a8b2bc7bffae282281c8140a97d3aa9c14da0b136dfe83f850eea9a5f7470427
    # via matplotlib, pandas
pyyaml==6.0.3 \
    --hash=sha256:2283a07e2c21a2aa78d9c4442724ec1eb15f5e42a723b99cb3d822d48f5f7ad1 \
    --hash=sha256:79005a0d97d5ddabfeeea4cf676af11e647e41d81c9a7722a193022accdb6b7c \
    --hash=sha256:9f3bfb4965eb874431221a3ff3fdcddc7e74e3b07799e0e84ca4a0f867d449bf
    # via pyproject.toml, optuna
scikit-learn==1.9.1 \
    --hash=sha256:2070f271e5375dc42c6bb93b461ab1c0aa5841d4009267e0cfd95a39dca94a43 \
    --hash=sha256:220fa18152852a5ce29c49e1eaba9d44ec44631cd2e5cf65f5a40eafa5ab3412 \
    --hash=sha256:61cd968ab831a76d0ecbaf0347ab2270268716da28f94fd022497e3d6f205f13
    # via pyproject.toml
scipy==1.17.1 \
    --hash=sha256:37425bc9175607b0268f493d79a292c39f9d001a357bebb6b88fdfaff13f6448 \
    --hash=sha256:7ff200bf9d24f2e4d5dc6ee8c3ac64d739d3a89e2326ba68aaf6c4a2b838fd7d \
    --hash=sha256:d30e57c72013c2a4fe441c2fcb8e77b14e152ad48b5464858e07e2ad9fbfceff
    # via pyproject.toml, formulaic, scikit-learn, statsmodels, xgboost, xgboost-cpu
six==1.17.0 \
    --hash=sha256:4721f391ed90541fddacab5acf947aa0d3dc7d27b2e1e8eda2be8970586c3274
    # via python-dateutil
sqlalchemy==2.1.1 \
    --hash=sha256:9dcedb4b1ad160a1297772162f9a15fc317627b76ac7c98d12c41ce38522d8ef \
    --hash=sha256:b04365ffe57cdeaf4d0f75630332d857dde3f91336bc4bdec76c810473c9c35e \
    --hash=sha256:cf88881d593f527860fa7c63a50095496a5fa15632b1fee58e3114353f7fbc22
    # via alembic, optuna
statsmodels==0.15.0 \
    --hash=sha256:081adf7e5f2da63f63cbd90491447de5d4c4c2921f19814f235bcf3e736edd3c \
    --hash=sha256:0ffe08752f420f12a0b03e8f7d8f3a45417615309b1f37f10561f9a53f044737 \
    --hash=sha256:5e1214312d6362cebe0b5c53b4f478d9072559709000369dfc528211cb993e8a
    # via pyproject.toml
threadpoolctl==3.6.0 \
    --hash=sha256:43a0b8fd5a2928500110039e43a5eed8480b918967083ea48dc3ab9f13c4a7fb
    # via scikit-learn
tqdm==4.70.1 \
    --hash=sha256:c293e525e6fef9c20e8728fd4612df02a0aa31bb5fe91ecd93e123b1b7bffa73
    # via optuna
typing-extensions==4.16.0 \
    --hash=sha256:481caa481374e813c1b176ada14e97f1f67a4539ce9cfeb3f350d78d6370c2e8
    # via alembic, formulaic, sqlalchemy
tzdata==2026.4 ; sys_platform == "win32" \
    --hash=sha256:c2169a8b0a7a5e9674da5a135ccdfb2b3e671b333ed9fed17b41f73c34476e81
    # via pandas
wrapt==2.4.1 \
    --hash=sha256:1f1851be0e593d65e68d7c1bc9d3b971e19fefa219f617e490d75e80e467ee14 \
    --hash=sha256:1fe758b9c2d49138231ec3efabd106fec665f86fec50b3d02d7edd75f08a69ca \
    --hash=sha256:53e15cd74bd6b84d7fa90b93dda7334d85f4641fae97632de8aa61d268dfd145
    # via formulaic
xgboost==3.2.0 ; sys_platform != "win32" \
    --hash=sha256:eabbd40d474b8dbf6cb3536325f9150b9e6f0db32d18de9914fb3227d0bef5b7
    # via pyproject.toml
xgboost-cpu==3.2.0 ; sys_platform == "win32" \
    --hash=sha256:bfe72e42f73d2c6870a1a8b75324d56ae86ddad9abd4dccefeb36f2c3196dd48
    # via pyproject.toml
